
Microsoft Visual Studio Solution File, Format Version 12.00
# Visual Studio Version 16
VisualStudioVersion = 16.0.29102.190
MinimumVisualStudioVersion = 10.0.40219.1
Project("{8BC9CEB8-8B4A-11D0-8D11-00A0C91BC942}") = "SDL Example", "SDL Example.vcxproj", "{4A54F678-73A6-4887-846E-24702A595455}"
EndProject
Global
	GlobalSection(SolutionConfigurationPlatforms) = preSolution
		Debug|x64 = Debug|x64
		Release|x64 = Release|x64
	EndGlobalSection
	GlobalSection(ProjectConfigurationPlatforms) = postSolution
		{4A54F678-73A6-4887-846E-24702A595455}.Debug|x64.ActiveCfg = Debug|x64
		{4A54F678-73A6-4887-846E-24702A595455}.Debug|x64.Build.0 = Debug|x64
		{4A54F678-73A6-4887-846E-24702A595455}.Release|x64.ActiveCfg = Release|x64
		{4A54F678-73A6-4887-846E-24702A595455}.Release|x64.Build.0 = Release|x64
	EndGlobalSection
	GlobalSection(SolutionProperties) = preSolution
		HideSolutionNode = FALSE
	EndGlobalSection
	GlobalSection(ExtensibilityGlobals) = postSolution
		SolutionGuid = {3D4DD94A-118F-4F05-B594-4C2896A388C9}
	EndGlobalSection
EndGlobal
